
Microsoft Visual Studio Solution File, Format Version 12.00
# Visual Studio Version 16
VisualStudioVersion = 16.0.29613.14
MinimumVisualStudioVersion = 10.0.40219.1
Project("{FAE04EC0-301F-11D3-BF4B-00C04F79EFBC}") = "DesktopContactsApp", "DesktopContactsApp\DesktopContactsApp.csproj", "{B40F11CC-8F55-4F51-9397-5FE935FE0B1C}"
EndProject
Global
	GlobalSection(SolutionConfigurationPlatforms) = preSolution
		Debug|Any CPU = Debug|Any CPU
		Release|Any CPU = Release|Any CPU
	EndGlobalSection
	GlobalSection(ProjectConfigurationPlatforms) = postSolution
		{B40F11CC-8F55-4F51-9397-5FE935FE0B1C}.Debug|Any CPU.ActiveCfg = Debug|Any CPU
		{B40F11CC-8F55-4F51-9397-5FE935FE0B1C}.Debug|Any CPU.Build.0 = Debug|Any CPU
		{B40F11CC-8F55-4F51-9397-5FE935FE0B1C}.Release|Any CPU.ActiveCfg = Release|Any CPU
		{B40F11CC-8F55-4F51-9397-5FE935FE0B1C}.Release|Any CPU.Build.0 = Release|Any CPU
	EndGlobalSection
	GlobalSection(SolutionProperties) = preSolution
		HideSolutionNode = FALSE
	EndGlobalSection
	GlobalSection(ExtensibilityGlobals) = postSolution
		SolutionGuid = {09B51847-7AE0-4352-B754-C212214CCFC0}
	EndGlobalSection
EndGlobal
